
Microsoft Visual Studio Solution File, Format Version 12.00
# Visual Studio Version 16
VisualStudioVersion = 16.0.30406.217
MinimumVisualStudioVersion = 10.0.40219.1
Project("{FAE04EC0-301F-11D3-BF4B-00C04F79EFBC}") = "StudentIDAssistant", "StudentIDAssistant\StudentIDAssistant.csproj", "{AD89FAE2-907C-42C9-9E2B-5ED2FAFA6CD7}"
EndProject
Global
	GlobalSection(SolutionConfigurationPlatforms) = preSolution
		Debug|Any CPU = Debug|Any CPU
		Release|Any CPU = Release|Any CPU
	EndGlobalSection
	GlobalSection(ProjectConfigurationPlatforms) = postSolution
		{AD89FAE2-907C-42C9-9E2B-5ED2FAFA6CD7}.Debug|Any CPU.ActiveCfg = Debug|Any CPU
		{AD89FAE2-907C-42C9-9E2B-5ED2FAFA6CD7}.Debug|Any CPU.Build.0 = Debug|Any CPU
		{AD89FAE2-907C-42C9-9E2B-5ED2FAFA6CD7}.Release|Any CPU.ActiveCfg = Release|Any CPU
		{AD89FAE2-907C-42C9-9E2B-5ED2FAFA6CD7}.Release|Any CPU.Build.0 = Release|Any CPU
	EndGlobalSection
	GlobalSection(SolutionProperties) = preSolution
		HideSolutionNode = FALSE
	EndGlobalSection
	GlobalSection(ExtensibilityGlobals) = postSolution
		SolutionGuid = {7E37F4DE-77C7-432E-BBBD-831E214C4204}
	EndGlobalSection
EndGlobal
